
Microsoft Visual Studio Solution File, Format Version 12.00
# Visual Studio Version 17
VisualStudioVersion = 17.6.33513.286
MinimumVisualStudioVersion = 10.0.40219.1
Project("{FAE04EC0-301F-11D3-BF4B-00C04F79EFBC}") = "SMS_APP", "SMS_APP\SMS_APP.csproj", "{CFA7139B-B021-4B5B-87F6-E572A80E9F24}"
EndProject
Global
	GlobalSection(SolutionConfigurationPlatforms) = preSolution
		Debug|Any CPU = Debug|Any CPU
		Release|Any CPU = Release|Any CPU
	EndGlobalSection
	GlobalSection(ProjectConfigurationPlatforms) = postSolution
		{CFA7139B-B021-4B5B-87F6-E572A80E9F24}.Debug|Any CPU.ActiveCfg = Debug|Any CPU
		{CFA7139B-B021-4B5B-87F6-E572A80E9F24}.Debug|Any CPU.Build.0 = Debug|Any CPU
		{CFA7139B-B021-4B5B-87F6-E572A80E9F24}.Release|Any CPU.ActiveCfg = Release|Any CPU
		{CFA7139B-B021-4B5B-87F6-E572A80E9F24}.Release|Any CPU.Build.0 = Release|Any CPU
	EndGlobalSection
	GlobalSection(SolutionProperties) = preSolution
		HideSolutionNode = FALSE
	EndGlobalSection
	GlobalSection(ExtensibilityGlobals) = postSolution
		SolutionGuid = {C1110734-B109-4D3A-9BBA-CC25E921B5EF}
	EndGlobalSection
EndGlobal
